
Microsoft Visual Studio Solution File, Format Version 12.00
# Visual Studio Version 17
VisualStudioVersion = 17.5.002.0
MinimumVisualStudioVersion = 10.0.40219.1
Project("{2150E333-8FDC-42A3-9474-1A3956D46DE8}") = "Abstracoes", "Abstracoes", "{CFEE09FE-93C3-4B0C-AE84-D8DA78171135}"
EndProject
Project("{9A19103F-16F7-4668-BE54-9A1E7A4F7556}") = "Thoth.Abstracoes", "Abstracoes\Thoth.Abstracoes\Thoth.Abstracoes.csproj", "{39A7EE9E-5FAF-4A3F-BB83-498F35FF5173}"
EndProject
Project("{2150E333-8FDC-42A3-9474-1A3956D46DE8}") = "Core", "Core", "{7DE2FA01-F897-4666-971F-C0F103AE9368}"
EndProject
Project("{9A19103F-16F7-4668-BE54-9A1E7A4F7556}") = "Thoth.Core", "Core\Thoth.Core\Thoth.Core.csproj", "{C1AB4A8B-843A-4D73-9645-4BC219A70015}"
EndProject
Project("{2150E333-8FDC-42A3-9474-1A3956D46DE8}") = "thoth.core", "thoth.core", "{8C3408A0-EA5E-4A89-BA31-9E034FEA6EF4}"
EndProject
Project("{2150E333-8FDC-42A3-9474-1A3956D46DE8}") = "src", "src", "{FCBA2DD2-D540-4179-B328-975D901C413C}"
EndProject
Project("{9A19103F-16F7-4668-BE54-9A1E7A4F7556}") = "Thoth.Core", "thoth.core\src\Thoth.Core\Thoth.Core.csproj", "{5F7F5194-1A32-4F4A-AC61-21895862FAEF}"
EndProject
Project("{2150E333-8FDC-42A3-9474-1A3956D46DE8}") = "Infra", "Infra", "{0EF06D9C-3E7C-4845-88C7-96D29B0065F6}"
EndProject
Project("{2150E333-8FDC-42A3-9474-1A3956D46DE8}") = "src", "src", "{D900CC0A-078F-4726-9229-E57DD98BFF8C}"
EndProject
Project("{FAE04EC0-301F-11D3-BF4B-00C04F79EFBC}") = "Thoth.Infra", "Infra\src\Thoth.Infra\Thoth.Infra.csproj", "{F9168D60-0F6C-4083-AE9D-2F059CDE91AD}"
EndProject
Project("{2150E333-8FDC-42A3-9474-1A3956D46DE8}") = "Servico", "Servico", "{03B65B92-4CCB-43F4-9997-738C2833C87E}"
EndProject
Project("{2150E333-8FDC-42A3-9474-1A3956D46DE8}") = "src", "src", "{22B86300-93CB-4736-81E4-9BF462912C80}"
EndProject
Project("{FAE04EC0-301F-11D3-BF4B-00C04F79EFBC}") = "Thoth.Servico", "Servico\src\Thoth.Servico\Thoth.Servico.csproj", "{9C5BCFD5-C07F-4457-9E94-F93306BD5B11}"
EndProject
Global
	GlobalSection(SolutionConfigurationPlatforms) = preSolution
		Debug|Any CPU = Debug|Any CPU
		Release|Any CPU = Release|Any CPU
	EndGlobalSection
	GlobalSection(ProjectConfigurationPlatforms) = postSolution
		{39A7EE9E-5FAF-4A3F-BB83-498F35FF5173}.Debug|Any CPU.ActiveCfg = Debug|Any CPU
		{39A7EE9E-5FAF-4A3F-BB83-498F35FF5173}.Debug|Any CPU.Build.0 = Debug|Any CPU
		{39A7EE9E-5FAF-4A3F-BB83-498F35FF5173}.Release|Any CPU.ActiveCfg = Release|Any CPU
		{39A7EE9E-5FAF-4A3F-BB83-498F35FF5173}.Release|Any CPU.Build.0 = Release|Any CPU
		{C1AB4A8B-843A-4D73-9645-4BC219A70015}.Debug|Any CPU.ActiveCfg = Debug|Any CPU
		{C1AB4A8B-843A-4D73-9645-4BC219A70015}.Debug|Any CPU.Build.0 = Debug|Any CPU
		{C1AB4A8B-843A-4D73-9645-4BC219A70015}.Release|Any CPU.ActiveCfg = Release|Any CPU
		{C1AB4A8B-843A-4D73-9645-4BC219A70015}.Release|Any CPU.Build.0 = Release|Any CPU
		{5F7F5194-1A32-4F4A-AC61-21895862FAEF}.Debug|Any CPU.ActiveCfg = Debug|Any CPU
		{5F7F5194-1A32-4F4A-AC61-21895862FAEF}.Debug|Any CPU.Build.0 = Debug|Any CPU
		{5F7F5194-1A32-4F4A-AC61-21895862FAEF}.Release|Any CPU.ActiveCfg = Release|Any CPU
		{5F7F5194-1A32-4F4A-AC61-21895862FAEF}.Release|Any CPU.Build.0 = Release|Any CPU
		{F9168D60-0F6C-4083-AE9D-2F059CDE91AD}.Debug|Any CPU.ActiveCfg = Debug|Any CPU
		{F9168D60-0F6C-4083-AE9D-2F059CDE91AD}.Debug|Any CPU.Build.0 = Debug|Any CPU
		{F9168D60-0F6C-4083-AE9D-2F059CDE91AD}.Release|Any CPU.ActiveCfg = Release|Any CPU
		{F9168D60-0F6C-4083-AE9D-2F059CDE91AD}.Release|Any CPU.Build.0 = Release|Any CPU
		{9C5BCFD5-C07F-4457-9E94-F93306BD5B11}.Debug|Any CPU.ActiveCfg = Debug|Any CPU
		{9C5BCFD5-C07F-4457-9E94-F93306BD5B11}.Debug|Any CPU.Build.0 = Debug|Any CPU
		{9C5BCFD5-C07F-4457-9E94-F93306BD5B11}.Release|Any CPU.ActiveCfg = Release|Any CPU
		{9C5BCFD5-C07F-4457-9E94-F93306BD5B11}.Release|Any CPU.Build.0 = Release|Any CPU
	EndGlobalSection
	GlobalSection(SolutionProperties) = preSolution
		HideSolutionNode = FALSE
	EndGlobalSection
	GlobalSection(NestedProjects) = preSolution
		{39A7EE9E-5FAF-4A3F-BB83-498F35FF5173} = {CFEE09FE-93C3-4B0C-AE84-D8DA78171135}
		{C1AB4A8B-843A-4D73-9645-4BC219A70015} = {7DE2FA01-F897-4666-971F-C0F103AE9368}
		{FCBA2DD2-D540-4179-B328-975D901C413C} = {8C3408A0-EA5E-4A89-BA31-9E034FEA6EF4}
		{5F7F5194-1A32-4F4A-AC61-21895862FAEF} = {FCBA2DD2-D540-4179-B328-975D901C413C}
		{D900CC0A-078F-4726-9229-E57DD98BFF8C} = {0EF06D9C-3E7C-4845-88C7-96D29B0065F6}
		{F9168D60-0F6C-4083-AE9D-2F059CDE91AD} = {D900CC0A-078F-4726-9229-E57DD98BFF8C}
		{22B86300-93CB-4736-81E4-9BF462912C80} = {03B65B92-4CCB-43F4-9997-738C2833C87E}
		{9C5BCFD5-C07F-4457-9E94-F93306BD5B11} = {22B86300-93CB-4736-81E4-9BF462912C80}
	EndGlobalSection
	GlobalSection(ExtensibilityGlobals) = postSolution
		SolutionGuid = {1D9D8B97-8A98-48C6-B49A-A3CD80ACDB73}
	EndGlobalSection
EndGlobal
